
Microsoft Visual Studio Solution File, Format Version 12.00
# Visual Studio Version 17
VisualStudioVersion = 17.9.34714.143
MinimumVisualStudioVersion = 10.0.40219.1
Project("{8BC9CEB8-8B4A-11D0-8D11-00A0C91BC942}") = "TermProject_CSJ", "TermProject_CSJ.vcxproj", "{235208A0-C72F-46D3-8EB0-A2352FBA0348}"
EndProject
Global
	GlobalSection(SolutionConfigurationPlatforms) = preSolution
		Debug|x64 = Debug|x64
		Debug|x86 = Debug|x86
		Release|x64 = Release|x64
		Release|x86 = Release|x86
	EndGlobalSection
	GlobalSection(ProjectConfigurationPlatforms) = postSolution
		{235208A0-C72F-46D3-8EB0-A2352FBA0348}.Debug|x64.ActiveCfg = Debug|x64
		{235208A0-C72F-46D3-8EB0-A2352FBA0348}.Debug|x64.Build.0 = Debug|x64
		{235208A0-C72F-46D3-8EB0-A2352FBA0348}.Debug|x86.ActiveCfg = Debug|Win32
		{235208A0-C72F-46D3-8EB0-A2352FBA0348}.Debug|x86.Build.0 = Debug|Win32
		{235208A0-C72F-46D3-8EB0-A2352FBA0348}.Release|x64.ActiveCfg = Release|x64
		{235208A0-C72F-46D3-8EB0-A2352FBA0348}.Release|x64.Build.0 = Release|x64
		{235208A0-C72F-46D3-8EB0-A2352FBA0348}.Release|x86.ActiveCfg = Release|Win32
		{235208A0-C72F-46D3-8EB0-A2352FBA0348}.Release|x86.Build.0 = Release|Win32
	EndGlobalSection
	GlobalSection(SolutionProperties) = preSolution
		HideSolutionNode = FALSE
	EndGlobalSection
	GlobalSection(ExtensibilityGlobals) = postSolution
		SolutionGuid = {AF82C62A-3ACC-4227-ABA8-CDFFF1FD96CB}
	EndGlobalSection
EndGlobal
